{
  "lockfileVersion": 1,
  "configVersion": 1,
  "workspaces": {
    "": {
      "devDependencies": {
        "kafkajs": "^2.2.4",
      },
    },
  },
  "packages": {
    "kafkajs": ["kafkajs@2.2.4", "", {}, "sha512-j/YeapB1vfPT2iOIUn/vxdyKEuhuY2PxMBvf5JWux6iSaukAccrMtXEY/Lb7OvavDhOWME589bpLrEdnVHjfjA=="],
  }
}
